// !$*UTF8*$!
{
	archiveVersion = 1;
	classes = {
	};
	objectVersion = 46;
	objects = {

/* Begin PBXBuildFile section */
		550B51C415592F1600513BEA /* bonus.png in Resources */ = {isa = PBXBuildFile; fileRef = 550B51BD15592F1600513BEA /* bonus.png */; };
		550B51C515592F1600513BEA /* orange.png in Resources */ = {isa = PBXBuildFile; fileRef = 550B51BE15592F1600513BEA /* orange.png */; };
		550B51C615592F1600513BEA /* cold.png in Resources */ = {isa = PBXBuildFile; fileRef = 550B51BF15592F1600513BEA /* cold.png */; };
		550B51C715592F1600513BEA /* rainbow.png in Resources */ = {isa = PBXBuildFile; fileRef = 550B51C015592F1600513BEA /* rainbow.png */; };
		550B51C815592F1600513BEA /* blue.png in Resources */ = {isa = PBXBuildFile; fileRef = 550B51C115592F1600513BEA /* blue.png */; };
		550B51C915592F1600513BEA /* green.png in Resources */ = {isa = PBXBuildFile; fileRef = 550B51C215592F1600513BEA /* green.png */; };
		550B51CA15592F1600513BEA /* red.png in Resources */ = {isa = PBXBuildFile; fileRef = 550B51C315592F1600513BEA /* red.png */; };
		555E8E381547672E00418242 /* Storyboard.storyboard in Resources */ = {isa = PBXBuildFile; fileRef = 555E8E371547672E00418242 /* Storyboard.storyboard */; };
		555E8E3B15476A3E00418242 /* ball.png in Resources */ = {isa = PBXBuildFile; fileRef = 555E8E3A15476A3E00418242 /* ball.png */; };
		556D8C831555DB0100834AE6 /* circle2.png in Resources */ = {isa = PBXBuildFile; fileRef = 556D8C821555DB0100834AE6 /* circle2.png */; };
		5570B6871549620000F4C693 /* player.png in Resources */ = {isa = PBXBuildFile; fileRef = 5570B6861549620000F4C693 /* player.png */; };
		55F6DAC7154770BF00A0773B /* newball.png in Resources */ = {isa = PBXBuildFile; fileRef = 55F6DAC6154770BF00A0773B /* newball.png */; };
		55F6DACA154773F100A0773B /* newball2.png in Resources */ = {isa = PBXBuildFile; fileRef = 55F6DAC9154773F100A0773B /* newball2.png */; };
		580BF6AE15471C9200EC8748 /* FCGameViewController.m in Sources */ = {isa = PBXBuildFile; fileRef = 580BF6AD15471C9200EC8748 /* FCGameViewController.m */; };
		586BBA7F15470A2A00332DED /* UIKit.framework in Frameworks */ = {isa = PBXBuildFile; fileRef = 586BBA7E15470A2A00332DED /* UIKit.framework */; };
		586BBA8115470A2A00332DED /* Foundation.framework in Frameworks */ = {isa = PBXBuildFile; fileRef = 586BBA8015470A2A00332DED /* Foundation.framework */; };
		586BBA8315470A2A00332DED /* CoreGraphics.framework in Frameworks */ = {isa = PBXBuildFile; fileRef = 586BBA8215470A2A00332DED /* CoreGraphics.framework */; };
		586BBA8915470A2A00332DED /* InfoPlist.strings in Resources */ = {isa = PBXBuildFile; fileRef = 586BBA8715470A2A00332DED /* InfoPlist.strings */; };
		586BBA8B15470A2A00332DED /* main.m in Sources */ = {isa = PBXBuildFile; fileRef = 586BBA8A15470A2A00332DED /* main.m */; };
		586BBA8F15470A2A00332DED /* FCAppDelegate.m in Sources */ = {isa = PBXBuildFile; fileRef = 586BBA8E15470A2A00332DED /* FCAppDelegate.m */; };
		58CAF73E15584EAE006CF0BB /* ASPGLSprite.m in Sources */ = {isa = PBXBuildFile; fileRef = 58CAF73D15584EA2006CF0BB /* ASPGLSprite.m */; };
		58CAF73F15584EB2006CF0BB /* ASPGLKViewController.m in Sources */ = {isa = PBXBuildFile; fileRef = 58CAF73B15584EA2006CF0BB /* ASPGLKViewController.m */; };
		58EDA264154741CF00595BC8 /* QuartzCore.framework in Frameworks */ = {isa = PBXBuildFile; fileRef = 58EDA262154741C100595BC8 /* QuartzCore.framework */; };
		58EDA265154741CF00595BC8 /* OpenGLES.framework in Frameworks */ = {isa = PBXBuildFile; fileRef = 58EDA260154741BC00595BC8 /* OpenGLES.framework */; };
		58EDA266154741CF00595BC8 /* GLKit.framework in Frameworks */ = {isa = PBXBuildFile; fileRef = 58EDA25E154741B700595BC8 /* GLKit.framework */; };
/* End PBXBuildFile section */

/* Begin PBXFileReference section */
		550B51BD15592F1600513BEA /* bonus.png */ = {isa = PBXFileReference; lastKnownFileType = image.png; path = bonus.png; sourceTree = "<group>"; };
		550B51BE15592F1600513BEA /* orange.png */ = {isa = PBXFileReference; lastKnownFileType = image.png; path = orange.png; sourceTree = "<group>"; };
		550B51BF15592F1600513BEA /* cold.png */ = {isa = PBXFileReference; lastKnownFileType = image.png; path = cold.png; sourceTree = "<group>"; };
		550B51C015592F1600513BEA /* rainbow.png */ = {isa = PBXFileReference; lastKnownFileType = image.png; path = rainbow.png; sourceTree = "<group>"; };
		550B51C115592F1600513BEA /* blue.png */ = {isa = PBXFileReference; lastKnownFileType = image.png; path = blue.png; sourceTree = "<group>"; };
		550B51C215592F1600513BEA /* green.png */ = {isa = PBXFileReference; lastKnownFileType = image.png; path = green.png; sourceTree = "<group>"; };
		550B51C315592F1600513BEA /* red.png */ = {isa = PBXFileReference; lastKnownFileType = image.png; path = red.png; sourceTree = "<group>"; };
		555E8E371547672E00418242 /* Storyboard.storyboard */ = {isa = PBXFileReference; fileEncoding = 4; lastKnownFileType = file.storyboard; path = Storyboard.storyboard; sourceTree = "<group>"; };
		555E8E3A15476A3E00418242 /* ball.png */ = {isa = PBXFileReference; lastKnownFileType = image.png; path = ball.png; sourceTree = "<group>"; };
		556D8C821555DB0100834AE6 /* circle2.png */ = {isa = PBXFileReference; lastKnownFileType = image.png; path = circle2.png; sourceTree = "<group>"; };
		5570B6861549620000F4C693 /* player.png */ = {isa = PBXFileReference; lastKnownFileType = image.png; name = player.png; path = ../../Demo/Demo/Pics/player.png; sourceTree = "<group>"; };
		55F6DAC6154770BF00A0773B /* newball.png */ = {isa = PBXFileReference; lastKnownFileType = image.png; path = newball.png; sourceTree = "<group>"; };
		55F6DAC9154773F100A0773B /* newball2.png */ = {isa = PBXFileReference; lastKnownFileType = image.png; path = newball2.png; sourceTree = "<group>"; };
		580BF6AC15471C9100EC8748 /* FCGameViewController.h */ = {isa = PBXFileReference; fileEncoding = 4; lastKnownFileType = sourcecode.c.h; path = FCGameViewController.h; sourceTree = "<group>"; };
		580BF6AD15471C9200EC8748 /* FCGameViewController.m */ = {isa = PBXFileReference; fileEncoding = 4; lastKnownFileType = sourcecode.c.objc; path = FCGameViewController.m; sourceTree = "<group>"; };
		586BBA7A15470A2A00332DED /* Game1.app */ = {isa = PBXFileReference; explicitFileType = wrapper.application; includeInIndex = 0; path = Game1.app; sourceTree = BUILT_PRODUCTS_DIR; };
		586BBA7E15470A2A00332DED /* UIKit.framework */ = {isa = PBXFileReference; lastKnownFileType = wrapper.framework; name = UIKit.framework; path = System/Library/Frameworks/UIKit.framework; sourceTree = SDKROOT; };
		586BBA8015470A2A00332DED /* Foundation.framework */ = {isa = PBXFileReference; lastKnownFileType = wrapper.framework; name = Foundation.framework; path = System/Library/Frameworks/Foundation.framework; sourceTree = SDKROOT; };
		586BBA8215470A2A00332DED /* CoreGraphics.framework */ = {isa = PBXFileReference; lastKnownFileType = wrapper.framework; name = CoreGraphics.framework; path = System/Library/Frameworks/CoreGraphics.framework; sourceTree = SDKROOT; };
		586BBA8615470A2A00332DED /* Game1-Info.plist */ = {isa = PBXFileReference; lastKnownFileType = text.plist.xml; path = "Game1-Info.plist"; sourceTree = "<group>"; };
		586BBA8815470A2A00332DED /* en */ = {isa = PBXFileReference; lastKnownFileType = text.plist.strings; name = en; path = en.lproj/InfoPlist.strings; sourceTree = "<group>"; };
		586BBA8A15470A2A00332DED /* main.m */ = {isa = PBXFileReference; lastKnownFileType = sourcecode.c.objc; path = main.m; sourceTree = "<group>"; };
		586BBA8C15470A2A00332DED /* Game1-Prefix.pch */ = {isa = PBXFileReference; lastKnownFileType = sourcecode.c.h; path = "Game1-Prefix.pch"; sourceTree = "<group>"; };
		586BBA8D15470A2A00332DED /* FCAppDelegate.h */ = {isa = PBXFileReference; lastKnownFileType = sourcecode.c.h; path = FCAppDelegate.h; sourceTree = "<group>"; };
		586BBA8E15470A2A00332DED /* FCAppDelegate.m */ = {isa = PBXFileReference; lastKnownFileType = sourcecode.c.objc; path = FCAppDelegate.m; sourceTree = "<group>"; };
		58CAF73815584EA2006CF0BB /* ASPEngine.h */ = {isa = PBXFileReference; lastKnownFileType = sourcecode.c.h; path = ASPEngine.h; sourceTree = "<group>"; };
		58CAF73915584EA2006CF0BB /* ASPGLKVector2Extension.h */ = {isa = PBXFileReference; lastKnownFileType = sourcecode.c.h; path = ASPGLKVector2Extension.h; sourceTree = "<group>"; };
		58CAF73A15584EA2006CF0BB /* ASPGLKViewController.h */ = {isa = PBXFileReference; lastKnownFileType = sourcecode.c.h; path = ASPGLKViewController.h; sourceTree = "<group>"; };
		58CAF73B15584EA2006CF0BB /* ASPGLKViewController.m */ = {isa = PBXFileReference; lastKnownFileType = sourcecode.c.objc; path = ASPGLKViewController.m; sourceTree = "<group>"; };
		58CAF73C15584EA2006CF0BB /* ASPGLSprite.h */ = {isa = PBXFileReference; lastKnownFileType = sourcecode.c.h; path = ASPGLSprite.h; sourceTree = "<group>"; };
		58CAF73D15584EA2006CF0BB /* ASPGLSprite.m */ = {isa = PBXFileReference; lastKnownFileType = sourcecode.c.objc; path = ASPGLSprite.m; sourceTree = "<group>"; };
		58EDA25E154741B700595BC8 /* GLKit.framework */ = {isa = PBXFileReference; lastKnownFileType = wrapper.framework; name = GLKit.framework; path = System/Library/Frameworks/GLKit.framework; sourceTree = SDKROOT; };
		58EDA260154741BC00595BC8 /* OpenGLES.framework */ = {isa = PBXFileReference; lastKnownFileType = wrapper.framework; name = OpenGLES.framework; path = System/Library/Frameworks/OpenGLES.framework; sourceTree = SDKROOT; };
		58EDA262154741C100595BC8 /* QuartzCore.framework */ = {isa = PBXFileReference; lastKnownFileType = wrapper.framework; name = QuartzCore.framework; path = System/Library/Frameworks/QuartzCore.framework; sourceTree = SDKROOT; };
/* End PBXFileReference section */

/* Begin PBXFrameworksBuildPhase section */
		586BBA7715470A2A00332DED /* Frameworks */ = {
			isa = PBXFrameworksBuildPhase;
			buildActionMask = 2147483647;
			files = (
				58EDA264154741CF00595BC8 /* QuartzCore.framework in Frameworks */,
				58EDA265154741CF00595BC8 /* OpenGLES.framework in Frameworks */,
				58EDA266154741CF00595BC8 /* GLKit.framework in Frameworks */,
				586BBA7F15470A2A00332DED /* UIKit.framework in Frameworks */,
				586BBA8115470A2A00332DED /* Foundation.framework in Frameworks */,
				586BBA8315470A2A00332DED /* CoreGraphics.framework in Frameworks */,
			);
			runOnlyForDeploymentPostprocessing = 0;
		};
/* End PBXFrameworksBuildPhase section */

/* Begin PBXGroup section */
		555E8E3915476A2D00418242 /* Pics */ = {
			isa = PBXGroup;
			children = (
				550B51BD15592F1600513BEA /* bonus.png */,
				550B51BE15592F1600513BEA /* orange.png */,
				550B51BF15592F1600513BEA /* cold.png */,
				550B51C015592F1600513BEA /* rainbow.png */,
				550B51C115592F1600513BEA /* blue.png */,
				550B51C215592F1600513BEA /* green.png */,
				550B51C315592F1600513BEA /* red.png */,
				556D8C821555DB0100834AE6 /* circle2.png */,
				5570B6861549620000F4C693 /* player.png */,
				55F6DAC9154773F100A0773B /* newball2.png */,
				55F6DAC6154770BF00A0773B /* newball.png */,
				555E8E3A15476A3E00418242 /* ball.png */,
			);
			name = Pics;
			sourceTree = "<group>";
		};
		586BBA6F15470A2A00332DED = {
			isa = PBXGroup;
			children = (
				586BBA8415470A2A00332DED /* Game1 */,
				586BBA7D15470A2A00332DED /* Frameworks */,
				586BBA7B15470A2A00332DED /* Products */,
			);
			sourceTree = "<group>";
		};
		586BBA7B15470A2A00332DED /* Products */ = {
			isa = PBXGroup;
			children = (
				586BBA7A15470A2A00332DED /* Game1.app */,
			);
			name = Products;
			sourceTree = "<group>";
		};
		586BBA7D15470A2A00332DED /* Frameworks */ = {
			isa = PBXGroup;
			children = (
				58EDA262154741C100595BC8 /* QuartzCore.framework */,
				58EDA260154741BC00595BC8 /* OpenGLES.framework */,
				58EDA25E154741B700595BC8 /* GLKit.framework */,
				586BBA7E15470A2A00332DED /* UIKit.framework */,
				586BBA8015470A2A00332DED /* Foundation.framework */,
				586BBA8215470A2A00332DED /* CoreGraphics.framework */,
			);
			name = Frameworks;
			sourceTree = "<group>";
		};
		586BBA8415470A2A00332DED /* Game1 */ = {
			isa = PBXGroup;
			children = (
				555E8E371547672E00418242 /* Storyboard.storyboard */,
				586BBA8D15470A2A00332DED /* FCAppDelegate.h */,
				586BBA8E15470A2A00332DED /* FCAppDelegate.m */,
				580BF6AC15471C9100EC8748 /* FCGameViewController.h */,
				580BF6AD15471C9200EC8748 /* FCGameViewController.m */,
				58CAF74015584F19006CF0BB /* Engine */,
				586BBA8515470A2A00332DED /* Supporting Files */,
			);
			path = Game1;
			sourceTree = "<group>";
		};
		586BBA8515470A2A00332DED /* Supporting Files */ = {
			isa = PBXGroup;
			children = (
				555E8E3915476A2D00418242 /* Pics */,
				586BBA8615470A2A00332DED /* Game1-Info.plist */,
				586BBA8715470A2A00332DED /* InfoPlist.strings */,
				586BBA8A15470A2A00332DED /* main.m */,
				586BBA8C15470A2A00332DED /* Game1-Prefix.pch */,
			);
			name = "Supporting Files";
			sourceTree = "<group>";
		};
		58CAF74015584F19006CF0BB /* Engine */ = {
			isa = PBXGroup;
			children = (
				58CAF73815584EA2006CF0BB /* ASPEngine.h */,
				58CAF73915584EA2006CF0BB /* ASPGLKVector2Extension.h */,
				58CAF73A15584EA2006CF0BB /* ASPGLKViewController.h */,
				58CAF73B15584EA2006CF0BB /* ASPGLKViewController.m */,
				58CAF73C15584EA2006CF0BB /* ASPGLSprite.h */,
				58CAF73D15584EA2006CF0BB /* ASPGLSprite.m */,
			);
			name = Engine;
			sourceTree = "<group>";
		};
/* End PBXGroup section */

/* Begin PBXNativeTarget section */
		586BBA7915470A2A00332DED /* Game1 */ = {
			isa = PBXNativeTarget;
			buildConfigurationList = 586BBA9215470A2A00332DED /* Build configuration list for PBXNativeTarget "Game1" */;
			buildPhases = (
				586BBA7615470A2A00332DED /* Sources */,
				586BBA7715470A2A00332DED /* Frameworks */,
				586BBA7815470A2A00332DED /* Resources */,
			);
			buildRules = (
			);
			dependencies = (
			);
			name = Game1;
			productName = Game1;
			productReference = 586BBA7A15470A2A00332DED /* Game1.app */;
			productType = "com.apple.product-type.application";
		};
/* End PBXNativeTarget section */

/* Begin PBXProject section */
		586BBA7115470A2A00332DED /* Project object */ = {
			isa = PBXProject;
			attributes = {
				CLASSPREFIX = FC;
				LastUpgradeCheck = 0430;
				ORGANIZATIONNAME = "MIPT iLab";
			};
			buildConfigurationList = 586BBA7415470A2A00332DED /* Build configuration list for PBXProject "Game1" */;
			compatibilityVersion = "Xcode 3.2";
			developmentRegion = English;
			hasScannedForEncodings = 0;
			knownRegions = (
				en,
			);
			mainGroup = 586BBA6F15470A2A00332DED;
			productRefGroup = 586BBA7B15470A2A00332DED /* Products */;
			projectDirPath = "";
			projectRoot = "";
			targets = (
				586BBA7915470A2A00332DED /* Game1 */,
			);
		};
/* End PBXProject section */

/* Begin PBXResourcesBuildPhase section */
		586BBA7815470A2A00332DED /* Resources */ = {
			isa = PBXResourcesBuildPhase;
			buildActionMask = 2147483647;
			files = (
				586BBA8915470A2A00332DED /* InfoPlist.strings in Resources */,
				555E8E381547672E00418242 /* Storyboard.storyboard in Resources */,
				555E8E3B15476A3E00418242 /* ball.png in Resources */,
				55F6DAC7154770BF00A0773B /* newball.png in Resources */,
				55F6DACA154773F100A0773B /* newball2.png in Resources */,
				5570B6871549620000F4C693 /* player.png in Resources */,
				556D8C831555DB0100834AE6 /* circle2.png in Resources */,
				550B51C415592F1600513BEA /* bonus.png in Resources */,
				550B51C515592F1600513BEA /* orange.png in Resources */,
				550B51C615592F1600513BEA /* cold.png in Resources */,
				550B51C715592F1600513BEA /* rainbow.png in Resources */,
				550B51C815592F1600513BEA /* blue.png in Resources */,
				550B51C915592F1600513BEA /* green.png in Resources */,
				550B51CA15592F1600513BEA /* red.png in Resources */,
			);
			runOnlyForDeploymentPostprocessing = 0;
		};
/* End PBXResourcesBuildPhase section */

/* Begin PBXSourcesBuildPhase section */
		586BBA7615470A2A00332DED /* Sources */ = {
			isa = PBXSourcesBuildPhase;
			buildActionMask = 2147483647;
			files = (
				58CAF73F15584EB2006CF0BB /* ASPGLKViewController.m in Sources */,
				58CAF73E15584EAE006CF0BB /* ASPGLSprite.m in Sources */,
				586BBA8B15470A2A00332DED /* main.m in Sources */,
				586BBA8F15470A2A00332DED /* FCAppDelegate.m in Sources */,
				580BF6AE15471C9200EC8748 /* FCGameViewController.m in Sources */,
			);
			runOnlyForDeploymentPostprocessing = 0;
		};
/* End PBXSourcesBuildPhase section */

/* Begin PBXVariantGroup section */
		586BBA8715470A2A00332DED /* InfoPlist.strings */ = {
			isa = PBXVariantGroup;
			children = (
				586BBA8815470A2A00332DED /* en */,
			);
			name = InfoPlist.strings;
			sourceTree = "<group>";
		};
/* End PBXVariantGroup section */

/* Begin XCBuildConfiguration section */
		586BBA9015470A2A00332DED /* Debug */ = {
			isa = XCBuildConfiguration;
			buildSettings = {
				ALWAYS_SEARCH_USER_PATHS = NO;
				ARCHS = "$(ARCHS_STANDARD_32_BIT)";
				CLANG_ENABLE_OBJC_ARC = YES;
				"CODE_SIGN_IDENTITY[sdk=iphoneos*]" = "iPhone Developer";
				COPY_PHASE_STRIP = NO;
				GCC_C_LANGUAGE_STANDARD = gnu99;
				GCC_DYNAMIC_NO_PIC = NO;
				GCC_OPTIMIZATION_LEVEL = 0;
				GCC_PREPROCESSOR_DEFINITIONS = (
					"DEBUG=1",
					"$(inherited)",
				);
				GCC_SYMBOLS_PRIVATE_EXTERN = NO;
				GCC_VERSION = com.apple.compilers.llvm.clang.1_0;
				GCC_WARN_ABOUT_RETURN_TYPE = YES;
				GCC_WARN_UNINITIALIZED_AUTOS = YES;
				GCC_WARN_UNUSED_VARIABLE = YES;
				IPHONEOS_DEPLOYMENT_TARGET = 5.1;
				SDKROOT = iphoneos;
			};
			name = Debug;
		};
		586BBA9115470A2A00332DED /* Release */ = {
			isa = XCBuildConfiguration;
			buildSettings = {
				ALWAYS_SEARCH_USER_PATHS = NO;
				ARCHS = "$(ARCHS_STANDARD_32_BIT)";
				CLANG_ENABLE_OBJC_ARC = YES;
				"CODE_SIGN_IDENTITY[sdk=iphoneos*]" = "iPhone Developer";
				COPY_PHASE_STRIP = YES;
				GCC_C_LANGUAGE_STANDARD = gnu99;
				GCC_VERSION = com.apple.compilers.llvm.clang.1_0;
				GCC_WARN_ABOUT_RETURN_TYPE = YES;
				GCC_WARN_UNINITIALIZED_AUTOS = YES;
				GCC_WARN_UNUSED_VARIABLE = YES;
				IPHONEOS_DEPLOYMENT_TARGET = 5.1;
				OTHER_CFLAGS = "-DNS_BLOCK_ASSERTIONS=1";
				SDKROOT = iphoneos;
				VALIDATE_PRODUCT = YES;
			};
			name = Release;
		};
		586BBA9315470A2A00332DED /* Debug */ = {
			isa = XCBuildConfiguration;
			buildSettings = {
				GCC_PRECOMPILE_PREFIX_HEADER = YES;
				GCC_PREFIX_HEADER = "Game1/Game1-Prefix.pch";
				INFOPLIST_FILE = "Game1/Game1-Info.plist";
				LIBRARY_SEARCH_PATHS = "$(inherited)";
				PRODUCT_NAME = "$(TARGET_NAME)";
				WRAPPER_EXTENSION = app;
			};
			name = Debug;
		};
		586BBA9415470A2A00332DED /* Release */ = {
			isa = XCBuildConfiguration;
			buildSettings = {
				GCC_PRECOMPILE_PREFIX_HEADER = YES;
				GCC_PREFIX_HEADER = "Game1/Game1-Prefix.pch";
				INFOPLIST_FILE = "Game1/Game1-Info.plist";
				LIBRARY_SEARCH_PATHS = "$(inherited)";
				PRODUCT_NAME = "$(TARGET_NAME)";
				WRAPPER_EXTENSION = app;
			};
			name = Release;
		};
/* End XCBuildConfiguration section */

/* Begin XCConfigurationList section */
		586BBA7415470A2A00332DED /* Build configuration list for PBXProject "Game1" */ = {
			isa = XCConfigurationList;
			buildConfigurations = (
				586BBA9015470A2A00332DED /* Debug */,
				586BBA9115470A2A00332DED /* Release */,
			);
			defaultConfigurationIsVisible = 0;
			defaultConfigurationName = Release;
		};
		586BBA9215470A2A00332DED /* Build configuration list for PBXNativeTarget "Game1" */ = {
			isa = XCConfigurationList;
			buildConfigurations = (
				586BBA9315470A2A00332DED /* Debug */,
				586BBA9415470A2A00332DED /* Release */,
			);
			defaultConfigurationIsVisible = 0;
			defaultConfigurationName = Release;
		};
/* End XCConfigurationList section */
	};
	rootObject = 586BBA7115470A2A00332DED /* Project object */;
}
